PODS:
  - Alamofire (4.3.0)
  - Cuckoo (0.8.3)
  - PhoneNumberKit (1.2.2):
    - PhoneNumberKit/PhoneNumberKitCore (= 1.2.2)
    - PhoneNumberKit/UIKit (= 1.2.2)
  - PhoneNumberKit/PhoneNumberKitCore (1.2.2)
  - PhoneNumberKit/UIKit (1.2.2):
    - PhoneNumberKit/PhoneNumberKitCore
  - SnapKit (3.1.2)
  - SwiftyJSON (3.1.4)

DEPENDENCIES:
  - Alamofire
  - Cuckoo
  - PhoneNumberKit (~> 1.2)
  - SnapKit
  - SwiftyJSON

SPEC CHECKSUMS:
  Alamofire: 856a113053a7bc9cbe5d6367a555d773fc5cfef7
  Cuckoo: 2daf5d23383c0a24cd60b73287a5813af4793add
  PhoneNumberKit: ffae8f18fb78c1425c7af973711b0b0fd4f4104f
  SnapKit: 12b24f569cb7c143acc9c22b9d91b23e7b1c84a2
  SwiftyJSON: c2842d878f95482ffceec5709abc3d05680c0220

PODFILE CHECKSUM: b3263f701e57e623c67536b2efe329f3dfaf9edc

COCOAPODS: 1.2.0
